
Microsoft Visual Studio Solution File, Format Version 12.00
# Visual Studio Version 17
VisualStudioVersion = 17.2.32526.322
MinimumVisualStudioVersion = 10.0.40219.1
Project("{FAE04EC0-301F-11D3-BF4B-00C04F79EFBC}") = "InterfacePractice", "\NAS36D451\user-domain$\stud\202010\Desktop\projects\InterfacePractice\InterfacePractice\InterfacePractice.csproj", "{9D880A6B-2293-4943-8A64-CB12F33DDA12}"
EndProject
Global
	GlobalSection(SolutionConfigurationPlatforms) = preSolution
		Debug|Any CPU = Debug|Any CPU
		Release|Any CPU = Release|Any CPU
	EndGlobalSection
	GlobalSection(ProjectConfigurationPlatforms) = postSolution
		{9D880A6B-2293-4943-8A64-CB12F33DDA12}.Debug|Any CPU.ActiveCfg = Debug|Any CPU
		{9D880A6B-2293-4943-8A64-CB12F33DDA12}.Debug|Any CPU.Build.0 = Debug|Any CPU
		{9D880A6B-2293-4943-8A64-CB12F33DDA12}.Release|Any CPU.ActiveCfg = Release|Any CPU
		{9D880A6B-2293-4943-8A64-CB12F33DDA12}.Release|Any CPU.Build.0 = Release|Any CPU
	EndGlobalSection
	GlobalSection(SolutionProperties) = preSolution
		HideSolutionNode = FALSE
	EndGlobalSection
	GlobalSection(ExtensibilityGlobals) = postSolution
		SolutionGuid = {BD253999-EDD1-4B59-8949-0C00288B705F}
	EndGlobalSection
EndGlobal
