
Microsoft Visual Studio Solution File, Format Version 12.00
# Visual Studio Version 17
VisualStudioVersion = 17.2.32526.322
MinimumVisualStudioVersion = 10.0.40219.1
Project("{9A19103F-16F7-4668-BE54-9A1E7A4F7556}") = "InterfacePractice", "InterfacePractice\InterfacePractice.csproj", "{97E3265F-14A6-402E-8F10-79530A882AAB}"
EndProject
Project("{FAE04EC0-301F-11D3-BF4B-00C04F79EFBC}") = "InterfacePracticeCore", "InterfacePracticeCore\InterfacePracticeCore.csproj", "{312EB822-CEC0-4C7B-96D7-BC4BAAC00E06}"
EndProject
Global
	GlobalSection(SolutionConfigurationPlatforms) = preSolution
		Debug|Any CPU = Debug|Any CPU
		Release|Any CPU = Release|Any CPU
	EndGlobalSection
	GlobalSection(ProjectConfigurationPlatforms) = postSolution
		{97E3265F-14A6-402E-8F10-79530A882AAB}.Debug|Any CPU.ActiveCfg = Debug|Any CPU
		{97E3265F-14A6-402E-8F10-79530A882AAB}.Debug|Any CPU.Build.0 = Debug|Any CPU
		{97E3265F-14A6-402E-8F10-79530A882AAB}.Release|Any CPU.ActiveCfg = Release|Any CPU
		{97E3265F-14A6-402E-8F10-79530A882AAB}.Release|Any CPU.Build.0 = Release|Any CPU
		{312EB822-CEC0-4C7B-96D7-BC4BAAC00E06}.Debug|Any CPU.ActiveCfg = Debug|Any CPU
		{312EB822-CEC0-4C7B-96D7-BC4BAAC00E06}.Debug|Any CPU.Build.0 = Debug|Any CPU
		{312EB822-CEC0-4C7B-96D7-BC4BAAC00E06}.Release|Any CPU.ActiveCfg = Release|Any CPU
		{312EB822-CEC0-4C7B-96D7-BC4BAAC00E06}.Release|Any CPU.Build.0 = Release|Any CPU
	EndGlobalSection
	GlobalSection(SolutionProperties) = preSolution
		HideSolutionNode = FALSE
	EndGlobalSection
	GlobalSection(ExtensibilityGlobals) = postSolution
		SolutionGuid = {BD253999-EDD1-4B59-8949-0C00288B705F}
	EndGlobalSection
EndGlobal
